
Microsoft Visual Studio Solution File, Format Version 12.00
# Visual Studio Version 16
VisualStudioVersion = 16.0.31112.23
MinimumVisualStudioVersion = 10.0.40219.1
Project("{FAE04EC0-301F-11D3-BF4B-00C04F79EFBC}") = "Domain", "ObligatorioDA1\Domain.csproj", "{0F791814-83DE-4F3E-9EF4-45D96B43F68D}"
EndProject
Project("{FAE04EC0-301F-11D3-BF4B-00C04F79EFBC}") = "DomainTests", "ObligatorioDA1Tests\DomainTests.csproj", "{ABB34E29-B5BE-4C44-9CA3-9DA721F3CB73}"
EndProject
Project("{FAE04EC0-301F-11D3-BF4B-00C04F79EFBC}") = "UserInterface", "UserInterface\UserInterface.csproj", "{4EC544D5-F022-4C2E-ABA9-B22BE739FB33}"
EndProject
Project("{FAE04EC0-301F-11D3-BF4B-00C04F79EFBC}") = "Repository", "Repository\Repository.csproj", "{8ADF002B-36B9-4C6B-9EB7-1FDD4824E657}"
EndProject
Project("{FAE04EC0-301F-11D3-BF4B-00C04F79EFBC}") = "RepositoryTests", "RepositoryTests\RepositoryTests.csproj", "{738D9B96-D5C2-4132-8D72-3CBC2269C368}"
EndProject
Global
	GlobalSection(SolutionConfigurationPlatforms) = preSolution
		Debug|Any CPU = Debug|Any CPU
		Release|Any CPU = Release|Any CPU
	EndGlobalSection
	GlobalSection(ProjectConfigurationPlatforms) = postSolution
		{0F791814-83DE-4F3E-9EF4-45D96B43F68D}.Debug|Any CPU.ActiveCfg = Debug|Any CPU
		{0F791814-83DE-4F3E-9EF4-45D96B43F68D}.Debug|Any CPU.Build.0 = Debug|Any CPU
		{0F791814-83DE-4F3E-9EF4-45D96B43F68D}.Release|Any CPU.ActiveCfg = Release|Any CPU
		{0F791814-83DE-4F3E-9EF4-45D96B43F68D}.Release|Any CPU.Build.0 = Release|Any CPU
		{ABB34E29-B5BE-4C44-9CA3-9DA721F3CB73}.Debug|Any CPU.ActiveCfg = Debug|Any CPU
		{ABB34E29-B5BE-4C44-9CA3-9DA721F3CB73}.Debug|Any CPU.Build.0 = Debug|Any CPU
		{ABB34E29-B5BE-4C44-9CA3-9DA721F3CB73}.Release|Any CPU.ActiveCfg = Release|Any CPU
		{ABB34E29-B5BE-4C44-9CA3-9DA721F3CB73}.Release|Any CPU.Build.0 = Release|Any CPU
		{4EC544D5-F022-4C2E-ABA9-B22BE739FB33}.Debug|Any CPU.ActiveCfg = Debug|Any CPU
		{4EC544D5-F022-4C2E-ABA9-B22BE739FB33}.Debug|Any CPU.Build.0 = Debug|Any CPU
		{4EC544D5-F022-4C2E-ABA9-B22BE739FB33}.Release|Any CPU.ActiveCfg = Release|Any CPU
		{4EC544D5-F022-4C2E-ABA9-B22BE739FB33}.Release|Any CPU.Build.0 = Release|Any CPU
		{8ADF002B-36B9-4C6B-9EB7-1FDD4824E657}.Debug|Any CPU.ActiveCfg = Debug|Any CPU
		{8ADF002B-36B9-4C6B-9EB7-1FDD4824E657}.Debug|Any CPU.Build.0 = Debug|Any CPU
		{8ADF002B-36B9-4C6B-9EB7-1FDD4824E657}.Release|Any CPU.ActiveCfg = Release|Any CPU
		{8ADF002B-36B9-4C6B-9EB7-1FDD4824E657}.Release|Any CPU.Build.0 = Release|Any CPU
		{738D9B96-D5C2-4132-8D72-3CBC2269C368}.Debug|Any CPU.ActiveCfg = Debug|Any CPU
		{738D9B96-D5C2-4132-8D72-3CBC2269C368}.Debug|Any CPU.Build.0 = Debug|Any CPU
		{738D9B96-D5C2-4132-8D72-3CBC2269C368}.Release|Any CPU.ActiveCfg = Release|Any CPU
		{738D9B96-D5C2-4132-8D72-3CBC2269C368}.Release|Any CPU.Build.0 = Release|Any CPU
	EndGlobalSection
	GlobalSection(SolutionProperties) = preSolution
		HideSolutionNode = FALSE
	EndGlobalSection
	GlobalSection(ExtensibilityGlobals) = postSolution
		SolutionGuid = {A0B3CB2F-7F9D-4AF2-9013-F81E19AF7E38}
	EndGlobalSection
EndGlobal
